
Microsoft Visual Studio Solution File, Format Version 12.00
# Visual Studio 15
VisualStudioVersion = 15.0.26124.0
MinimumVisualStudioVersion = 15.0.26124.0
Project("{2150E333-8FDC-42A3-9474-1A3956D46DE8}") = "src", "src", "{20B0F830-BDCA-4E1B-8956-14C7AA2278B3}"
EndProject
Project("{FAE04EC0-301F-11D3-BF4B-00C04F79EFBC}") = "FkThat.Console", "src\FkThat.Console\FkThat.Console.csproj", "{6638A981-C310-49EC-9E67-925B0C0132C6}"
EndProject
Project("{2150E333-8FDC-42A3-9474-1A3956D46DE8}") = "test", "test", "{1A943A68-5D1F-4C46-905E-AE009F2157DB}"
EndProject
Project("{FAE04EC0-301F-11D3-BF4B-00C04F79EFBC}") = "FkThat.Console.Tests", "test\FkThat.Console.Tests\FkThat.Console.Tests.csproj", "{4AB09110-EA5C-4BB6-9E4D-2B13279DFC79}"
EndProject
Global
	GlobalSection(SolutionConfigurationPlatforms) = preSolution
		Debug|Any CPU = Debug|Any CPU
		Debug|x64 = Debug|x64
		Debug|x86 = Debug|x86
		Release|Any CPU = Release|Any CPU
		Release|x64 = Release|x64
		Release|x86 = Release|x86
	EndGlobalSection
	GlobalSection(SolutionProperties) = preSolution
		HideSolutionNode = FALSE
	EndGlobalSection
	GlobalSection(ProjectConfigurationPlatforms) = postSolution
		{6638A981-C310-49EC-9E67-925B0C0132C6}.Debug|Any CPU.ActiveCfg = Debug|Any CPU
		{6638A981-C310-49EC-9E67-925B0C0132C6}.Debug|Any CPU.Build.0 = Debug|Any CPU
		{6638A981-C310-49EC-9E67-925B0C0132C6}.Debug|x64.ActiveCfg = Debug|Any CPU
		{6638A981-C310-49EC-9E67-925B0C0132C6}.Debug|x64.Build.0 = Debug|Any CPU
		{6638A981-C310-49EC-9E67-925B0C0132C6}.Debug|x86.ActiveCfg = Debug|Any CPU
		{6638A981-C310-49EC-9E67-925B0C0132C6}.Debug|x86.Build.0 = Debug|Any CPU
		{6638A981-C310-49EC-9E67-925B0C0132C6}.Release|Any CPU.ActiveCfg = Release|Any CPU
		{6638A981-C310-49EC-9E67-925B0C0132C6}.Release|Any CPU.Build.0 = Release|Any CPU
		{6638A981-C310-49EC-9E67-925B0C0132C6}.Release|x64.ActiveCfg = Release|Any CPU
		{6638A981-C310-49EC-9E67-925B0C0132C6}.Release|x64.Build.0 = Release|Any CPU
		{6638A981-C310-49EC-9E67-925B0C0132C6}.Release|x86.ActiveCfg = Release|Any CPU
		{6638A981-C310-49EC-9E67-925B0C0132C6}.Release|x86.Build.0 = Release|Any CPU
		{4AB09110-EA5C-4BB6-9E4D-2B13279DFC79}.Debug|Any CPU.ActiveCfg = Debug|Any CPU
		{4AB09110-EA5C-4BB6-9E4D-2B13279DFC79}.Debug|Any CPU.Build.0 = Debug|Any CPU
		{4AB09110-EA5C-4BB6-9E4D-2B13279DFC79}.Debug|x64.ActiveCfg = Debug|Any CPU
		{4AB09110-EA5C-4BB6-9E4D-2B13279DFC79}.Debug|x64.Build.0 = Debug|Any CPU
		{4AB09110-EA5C-4BB6-9E4D-2B13279DFC79}.Debug|x86.ActiveCfg = Debug|Any CPU
		{4AB09110-EA5C-4BB6-9E4D-2B13279DFC79}.Debug|x86.Build.0 = Debug|Any CPU
		{4AB09110-EA5C-4BB6-9E4D-2B13279DFC79}.Release|Any CPU.ActiveCfg = Release|Any CPU
		{4AB09110-EA5C-4BB6-9E4D-2B13279DFC79}.Release|Any CPU.Build.0 = Release|Any CPU
		{4AB09110-EA5C-4BB6-9E4D-2B13279DFC79}.Release|x64.ActiveCfg = Release|Any CPU
		{4AB09110-EA5C-4BB6-9E4D-2B13279DFC79}.Release|x64.Build.0 = Release|Any CPU
		{4AB09110-EA5C-4BB6-9E4D-2B13279DFC79}.Release|x86.ActiveCfg = Release|Any CPU
		{4AB09110-EA5C-4BB6-9E4D-2B13279DFC79}.Release|x86.Build.0 = Release|Any CPU
	EndGlobalSection
	GlobalSection(NestedProjects) = preSolution
		{6638A981-C310-49EC-9E67-925B0C0132C6} = {20B0F830-BDCA-4E1B-8956-14C7AA2278B3}
		{4AB09110-EA5C-4BB6-9E4D-2B13279DFC79} = {1A943A68-5D1F-4C46-905E-AE009F2157DB}
	EndGlobalSection
EndGlobal
